
Microsoft Visual Studio Solution File, Format Version 12.00
# Visual Studio Version 17
VisualStudioVersion = 17.14.36310.24 d17.14
MinimumVisualStudioVersion = 10.0.40219.1
Project("{FAE04EC0-301F-11D3-BF4B-00C04F79EFBC}") = "RRBlazingDemo", "RRBlazingDemo\RRBlazingDemo.csproj", "{98D55635-7DAD-4B05-B071-022FB9A86137}"
EndProject
Global
	GlobalSection(SolutionConfigurationPlatforms) = preSolution
		Debug|Any CPU = Debug|Any CPU
		Release|Any CPU = Release|Any CPU
	EndGlobalSection
	GlobalSection(ProjectConfigurationPlatforms) = postSolution
		{98D55635-7DAD-4B05-B071-022FB9A86137}.Debug|Any CPU.ActiveCfg = Debug|Any CPU
		{98D55635-7DAD-4B05-B071-022FB9A86137}.Debug|Any CPU.Build.0 = Debug|Any CPU
		{98D55635-7DAD-4B05-B071-022FB9A86137}.Release|Any CPU.ActiveCfg = Release|Any CPU
		{98D55635-7DAD-4B05-B071-022FB9A86137}.Release|Any CPU.Build.0 = Release|Any CPU
	EndGlobalSection
	GlobalSection(SolutionProperties) = preSolution
		HideSolutionNode = FALSE
	EndGlobalSection
	GlobalSection(ExtensibilityGlobals) = postSolution
		SolutionGuid = {CBE3B00F-11C2-4A78-A2F4-DC4E56790DE2}
	EndGlobalSection
EndGlobal
